
Microsoft Visual Studio Solution File, Format Version 12.00
# Visual Studio Version 16
VisualStudioVersion = 16.0.31112.23
MinimumVisualStudioVersion = 10.0.40219.1
Project("{FAE04EC0-301F-11D3-BF4B-00C04F79EFBC}") = "Item2", "Item2.csproj", "{550C73A0-0796-42D4-80C8-CF701D87316C}"
EndProject
Global
	GlobalSection(SolutionConfigurationPlatforms) = preSolution
		Debug|Any CPU = Debug|Any CPU
		Release|Any CPU = Release|Any CPU
	EndGlobalSection
	GlobalSection(ProjectConfigurationPlatforms) = postSolution
		{550C73A0-0796-42D4-80C8-CF701D87316C}.Debug|Any CPU.ActiveCfg = Debug|Any CPU
		{550C73A0-0796-42D4-80C8-CF701D87316C}.Debug|Any CPU.Build.0 = Debug|Any CPU
		{550C73A0-0796-42D4-80C8-CF701D87316C}.Release|Any CPU.ActiveCfg = Release|Any CPU
		{550C73A0-0796-42D4-80C8-CF701D87316C}.Release|Any CPU.Build.0 = Release|Any CPU
	EndGlobalSection
	GlobalSection(SolutionProperties) = preSolution
		HideSolutionNode = FALSE
	EndGlobalSection
	GlobalSection(ExtensibilityGlobals) = postSolution
		SolutionGuid = {1AE4C21E-0ED5-4462-BC1B-5F7ABDCCE558}
	EndGlobalSection
EndGlobal
