
Microsoft Visual Studio Solution File, Format Version 12.00
# Visual Studio Version 17
VisualStudioVersion = 17.1.31911.260
MinimumVisualStudioVersion = 10.0.40219.1
Project("{FAE04EC0-301F-11D3-BF4B-00C04F79EFBC}") = "Item1", "Item1\Item1.csproj", "{573AC8FA-31AF-4820-8ADD-D775B6B86049}"
EndProject
Global
	GlobalSection(SolutionConfigurationPlatforms) = preSolution
		Debug|Any CPU = Debug|Any CPU
		Release|Any CPU = Release|Any CPU
	EndGlobalSection
	GlobalSection(ProjectConfigurationPlatforms) = postSolution
		{573AC8FA-31AF-4820-8ADD-D775B6B86049}.Debug|Any CPU.ActiveCfg = Debug|Any CPU
		{573AC8FA-31AF-4820-8ADD-D775B6B86049}.Debug|Any CPU.Build.0 = Debug|Any CPU
		{573AC8FA-31AF-4820-8ADD-D775B6B86049}.Release|Any CPU.ActiveCfg = Release|Any CPU
		{573AC8FA-31AF-4820-8ADD-D775B6B86049}.Release|Any CPU.Build.0 = Release|Any CPU
	EndGlobalSection
	GlobalSection(SolutionProperties) = preSolution
		HideSolutionNode = FALSE
	EndGlobalSection
	GlobalSection(ExtensibilityGlobals) = postSolution
		SolutionGuid = {5BB3E26C-F31A-427D-B625-A78E627F68A9}
	EndGlobalSection
EndGlobal
