
Microsoft Visual Studio Solution File, Format Version 12.00
# Visual Studio Version 17
VisualStudioVersion = 17.1.31911.260
MinimumVisualStudioVersion = 10.0.40219.1
Project("{FAE04EC0-301F-11D3-BF4B-00C04F79EFBC}") = "Item2", "Item2\Item2.csproj", "{38C84563-7099-4ADE-98B7-31AC359DFE4E}"
EndProject
Global
	GlobalSection(SolutionConfigurationPlatforms) = preSolution
		Debug|Any CPU = Debug|Any CPU
		Release|Any CPU = Release|Any CPU
	EndGlobalSection
	GlobalSection(ProjectConfigurationPlatforms) = postSolution
		{38C84563-7099-4ADE-98B7-31AC359DFE4E}.Debug|Any CPU.ActiveCfg = Debug|Any CPU
		{38C84563-7099-4ADE-98B7-31AC359DFE4E}.Debug|Any CPU.Build.0 = Debug|Any CPU
		{38C84563-7099-4ADE-98B7-31AC359DFE4E}.Release|Any CPU.ActiveCfg = Release|Any CPU
		{38C84563-7099-4ADE-98B7-31AC359DFE4E}.Release|Any CPU.Build.0 = Release|Any CPU
	EndGlobalSection
	GlobalSection(SolutionProperties) = preSolution
		HideSolutionNode = FALSE
	EndGlobalSection
	GlobalSection(ExtensibilityGlobals) = postSolution
		SolutionGuid = {4DBB4590-B895-4B99-883F-A6AE882821CD}
	EndGlobalSection
EndGlobal
