
Microsoft Visual Studio Solution File, Format Version 12.00
# Visual Studio Version 17
VisualStudioVersion = 17.0.31825.309
MinimumVisualStudioVersion = 10.0.40219.1
Project("{FAE04EC0-301F-11D3-BF4B-00C04F79EFBC}") = "Sample5", "Sample5\Sample5.csproj", "{49312640-B2A4-46D8-A72C-81401832A126}"
EndProject
Global
	GlobalSection(SolutionConfigurationPlatforms) = preSolution
		Debug|Any CPU = Debug|Any CPU
		Release|Any CPU = Release|Any CPU
	EndGlobalSection
	GlobalSection(ProjectConfigurationPlatforms) = postSolution
		{49312640-B2A4-46D8-A72C-81401832A126}.Debug|Any CPU.ActiveCfg = Debug|Any CPU
		{49312640-B2A4-46D8-A72C-81401832A126}.Debug|Any CPU.Build.0 = Debug|Any CPU
		{49312640-B2A4-46D8-A72C-81401832A126}.Release|Any CPU.ActiveCfg = Release|Any CPU
		{49312640-B2A4-46D8-A72C-81401832A126}.Release|Any CPU.Build.0 = Release|Any CPU
	EndGlobalSection
	GlobalSection(SolutionProperties) = preSolution
		HideSolutionNode = FALSE
	EndGlobalSection
	GlobalSection(ExtensibilityGlobals) = postSolution
		SolutionGuid = {74669281-39A5-49E9-9E01-D6C62AAD923A}
	EndGlobalSection
EndGlobal
