
Microsoft Visual Studio Solution File, Format Version 12.00
# Visual Studio Version 16
VisualStudioVersion = 16.0.31205.134
MinimumVisualStudioVersion = 10.0.40219.1
Project("{FAE04EC0-301F-11D3-BF4B-00C04F79EFBC}") = "Sample2", "Sample2.csproj", "{DA69C7D5-AB3B-4A66-8CFF-4E610A0D9763}"
EndProject
Global
	GlobalSection(SolutionConfigurationPlatforms) = preSolution
		Debug|Any CPU = Debug|Any CPU
		Release|Any CPU = Release|Any CPU
	EndGlobalSection
	GlobalSection(ProjectConfigurationPlatforms) = postSolution
		{DA69C7D5-AB3B-4A66-8CFF-4E610A0D9763}.Debug|Any CPU.ActiveCfg = Debug|Any CPU
		{DA69C7D5-AB3B-4A66-8CFF-4E610A0D9763}.Debug|Any CPU.Build.0 = Debug|Any CPU
		{DA69C7D5-AB3B-4A66-8CFF-4E610A0D9763}.Release|Any CPU.ActiveCfg = Release|Any CPU
		{DA69C7D5-AB3B-4A66-8CFF-4E610A0D9763}.Release|Any CPU.Build.0 = Release|Any CPU
	EndGlobalSection
	GlobalSection(SolutionProperties) = preSolution
		HideSolutionNode = FALSE
	EndGlobalSection
	GlobalSection(ExtensibilityGlobals) = postSolution
		SolutionGuid = {FBDA7454-8C8A-4197-A364-2D9199BB8F87}
	EndGlobalSection
EndGlobal
