
Microsoft Visual Studio Solution File, Format Version 12.00
# Visual Studio Version 16
VisualStudioVersion = 16.0.30717.126
MinimumVisualStudioVersion = 10.0.40219.1
Project("{FAE04EC0-301F-11D3-BF4B-00C04F79EFBC}") = "sampledatabasewalkthrough", "sampledatabasewalkthrough.csproj", "{472AFB18-EF36-4EED-A201-AAB6D128EA4F}"
EndProject
Global
	GlobalSection(SolutionConfigurationPlatforms) = preSolution
		Debug|Any CPU = Debug|Any CPU
		Release|Any CPU = Release|Any CPU
	EndGlobalSection
	GlobalSection(ProjectConfigurationPlatforms) = postSolution
		{472AFB18-EF36-4EED-A201-AAB6D128EA4F}.Debug|Any CPU.ActiveCfg = Debug|Any CPU
		{472AFB18-EF36-4EED-A201-AAB6D128EA4F}.Debug|Any CPU.Build.0 = Debug|Any CPU
		{472AFB18-EF36-4EED-A201-AAB6D128EA4F}.Release|Any CPU.ActiveCfg = Release|Any CPU
		{472AFB18-EF36-4EED-A201-AAB6D128EA4F}.Release|Any CPU.Build.0 = Release|Any CPU
	EndGlobalSection
	GlobalSection(SolutionProperties) = preSolution
		HideSolutionNode = FALSE
	EndGlobalSection
	GlobalSection(ExtensibilityGlobals) = postSolution
		SolutionGuid = {594CF722-ED5D-4120-A3E3-3236BA1CAFDC}
	EndGlobalSection
EndGlobal
