
Microsoft Visual Studio Solution File, Format Version 12.00
# Visual Studio Version 16
VisualStudioVersion = 16.0.30907.101
MinimumVisualStudioVersion = 10.0.40219.1
Project("{FAE04EC0-301F-11D3-BF4B-00C04F79EFBC}") = "Sample4", "Sample4.csproj", "{416790EC-5D26-4F6F-BB72-D01BB2A54F2C}"
EndProject
Global
	GlobalSection(SolutionConfigurationPlatforms) = preSolution
		Debug|Any CPU = Debug|Any CPU
		Release|Any CPU = Release|Any CPU
	EndGlobalSection
	GlobalSection(ProjectConfigurationPlatforms) = postSolution
		{416790EC-5D26-4F6F-BB72-D01BB2A54F2C}.Debug|Any CPU.ActiveCfg = Debug|Any CPU
		{416790EC-5D26-4F6F-BB72-D01BB2A54F2C}.Debug|Any CPU.Build.0 = Debug|Any CPU
		{416790EC-5D26-4F6F-BB72-D01BB2A54F2C}.Release|Any CPU.ActiveCfg = Release|Any CPU
		{416790EC-5D26-4F6F-BB72-D01BB2A54F2C}.Release|Any CPU.Build.0 = Release|Any CPU
	EndGlobalSection
	GlobalSection(SolutionProperties) = preSolution
		HideSolutionNode = FALSE
	EndGlobalSection
	GlobalSection(ExtensibilityGlobals) = postSolution
		SolutionGuid = {D1CC6D47-55CC-45AE-AD88-53B657416AF8}
	EndGlobalSection
EndGlobal
