
Microsoft Visual Studio Solution File, Format Version 12.00
# Visual Studio Version 17
VisualStudioVersion = 17.12.35309.182
MinimumVisualStudioVersion = 10.0.40219.1
Project("{FAE04EC0-301F-11D3-BF4B-00C04F79EFBC}") = "MauiApp10", "MauiApp10\MauiApp10.csproj", "{2616DD92-002A-4864-A0F5-7756F58F0397}"
EndProject
Global
	GlobalSection(SolutionConfigurationPlatforms) = preSolution
		Debug|Any CPU = Debug|Any CPU
		Release|Any CPU = Release|Any CPU
	EndGlobalSection
	GlobalSection(ProjectConfigurationPlatforms) = postSolution
		{2616DD92-002A-4864-A0F5-7756F58F0397}.Debug|Any CPU.ActiveCfg = Debug|Any CPU
		{2616DD92-002A-4864-A0F5-7756F58F0397}.Debug|Any CPU.Build.0 = Debug|Any CPU
		{2616DD92-002A-4864-A0F5-7756F58F0397}.Debug|Any CPU.Deploy.0 = Debug|Any CPU
		{2616DD92-002A-4864-A0F5-7756F58F0397}.Release|Any CPU.ActiveCfg = Release|Any CPU
		{2616DD92-002A-4864-A0F5-7756F58F0397}.Release|Any CPU.Build.0 = Release|Any CPU
	EndGlobalSection
	GlobalSection(SolutionProperties) = preSolution
		HideSolutionNode = FALSE
	EndGlobalSection
	GlobalSection(ExtensibilityGlobals) = postSolution
		SolutionGuid = {A4BB834C-ABF3-467C-8321-CD682F7EACB5}
	EndGlobalSection
EndGlobal
