
Microsoft Visual Studio Solution File, Format Version 12.00
# Visual Studio Version 16
VisualStudioVersion = 16.0.30907.101
MinimumVisualStudioVersion = 10.0.40219.1
Project("{FAE04EC0-301F-11D3-BF4B-00C04F79EFBC}") = "Sample1", "Sample1.csproj", "{E01B2474-D1E7-4516-9637-4D608094385C}"
EndProject
Global
	GlobalSection(SolutionConfigurationPlatforms) = preSolution
		Debug|Any CPU = Debug|Any CPU
		Release|Any CPU = Release|Any CPU
	EndGlobalSection
	GlobalSection(ProjectConfigurationPlatforms) = postSolution
		{E01B2474-D1E7-4516-9637-4D608094385C}.Debug|Any CPU.ActiveCfg = Debug|Any CPU
		{E01B2474-D1E7-4516-9637-4D608094385C}.Debug|Any CPU.Build.0 = Debug|Any CPU
		{E01B2474-D1E7-4516-9637-4D608094385C}.Release|Any CPU.ActiveCfg = Release|Any CPU
		{E01B2474-D1E7-4516-9637-4D608094385C}.Release|Any CPU.Build.0 = Release|Any CPU
	EndGlobalSection
	GlobalSection(SolutionProperties) = preSolution
		HideSolutionNode = FALSE
	EndGlobalSection
	GlobalSection(ExtensibilityGlobals) = postSolution
		SolutionGuid = {C93DCF52-10B8-472C-B230-A7D79E932729}
	EndGlobalSection
EndGlobal
