
Microsoft Visual Studio Solution File, Format Version 12.00
# Visual Studio Version 16
VisualStudioVersion = 16.0.31112.23
MinimumVisualStudioVersion = 10.0.40219.1
Project("{FAE04EC0-301F-11D3-BF4B-00C04F79EFBC}") = "Sample2", "Sample2.csproj", "{13A623D9-CB6F-410F-A30F-15EB0F64993F}"
EndProject
Global
	GlobalSection(SolutionConfigurationPlatforms) = preSolution
		Debug|Any CPU = Debug|Any CPU
		Release|Any CPU = Release|Any CPU
	EndGlobalSection
	GlobalSection(ProjectConfigurationPlatforms) = postSolution
		{13A623D9-CB6F-410F-A30F-15EB0F64993F}.Debug|Any CPU.ActiveCfg = Debug|Any CPU
		{13A623D9-CB6F-410F-A30F-15EB0F64993F}.Debug|Any CPU.Build.0 = Debug|Any CPU
		{13A623D9-CB6F-410F-A30F-15EB0F64993F}.Release|Any CPU.ActiveCfg = Release|Any CPU
		{13A623D9-CB6F-410F-A30F-15EB0F64993F}.Release|Any CPU.Build.0 = Release|Any CPU
	EndGlobalSection
	GlobalSection(SolutionProperties) = preSolution
		HideSolutionNode = FALSE
	EndGlobalSection
	GlobalSection(ExtensibilityGlobals) = postSolution
		SolutionGuid = {F11AB479-4E61-4836-B675-E4ED248E8C35}
	EndGlobalSection
EndGlobal
