
Microsoft Visual Studio Solution File, Format Version 12.00
# Visual Studio Version 17
VisualStudioVersion = 17.0.31710.8
MinimumVisualStudioVersion = 10.0.40219.1
Project("{FAE04EC0-301F-11D3-BF4B-00C04F79EFBC}") = "MessageBoxSample11", "MessageBoxSample11\MessageBoxSample11.csproj", "{077BD314-4963-4B19-A13F-1F6C9C9538F2}"
EndProject
Global
	GlobalSection(SolutionConfigurationPlatforms) = preSolution
		Debug|Any CPU = Debug|Any CPU
		Release|Any CPU = Release|Any CPU
	EndGlobalSection
	GlobalSection(ProjectConfigurationPlatforms) = postSolution
		{077BD314-4963-4B19-A13F-1F6C9C9538F2}.Debug|Any CPU.ActiveCfg = Debug|Any CPU
		{077BD314-4963-4B19-A13F-1F6C9C9538F2}.Debug|Any CPU.Build.0 = Debug|Any CPU
		{077BD314-4963-4B19-A13F-1F6C9C9538F2}.Release|Any CPU.ActiveCfg = Release|Any CPU
		{077BD314-4963-4B19-A13F-1F6C9C9538F2}.Release|Any CPU.Build.0 = Release|Any CPU
	EndGlobalSection
	GlobalSection(SolutionProperties) = preSolution
		HideSolutionNode = FALSE
	EndGlobalSection
	GlobalSection(ExtensibilityGlobals) = postSolution
		SolutionGuid = {B4D37BD9-7777-4396-881C-67F817598F92}
	EndGlobalSection
EndGlobal
