
Microsoft Visual Studio Solution File, Format Version 12.00
# Visual Studio Version 17
VisualStudioVersion = 17.1.32104.313
MinimumVisualStudioVersion = 10.0.40219.1
Project("{FAE04EC0-301F-11D3-BF4B-00C04F79EFBC}") = "Sample7", "Sample7\Sample7.csproj", "{70B04A3A-40E5-459E-B6F3-7B7143B1B5B0}"
EndProject
Global
	GlobalSection(SolutionConfigurationPlatforms) = preSolution
		Debug|Any CPU = Debug|Any CPU
		Release|Any CPU = Release|Any CPU
	EndGlobalSection
	GlobalSection(ProjectConfigurationPlatforms) = postSolution
		{70B04A3A-40E5-459E-B6F3-7B7143B1B5B0}.Debug|Any CPU.ActiveCfg = Debug|Any CPU
		{70B04A3A-40E5-459E-B6F3-7B7143B1B5B0}.Debug|Any CPU.Build.0 = Debug|Any CPU
		{70B04A3A-40E5-459E-B6F3-7B7143B1B5B0}.Release|Any CPU.ActiveCfg = Release|Any CPU
		{70B04A3A-40E5-459E-B6F3-7B7143B1B5B0}.Release|Any CPU.Build.0 = Release|Any CPU
	EndGlobalSection
	GlobalSection(SolutionProperties) = preSolution
		HideSolutionNode = FALSE
	EndGlobalSection
	GlobalSection(ExtensibilityGlobals) = postSolution
		SolutionGuid = {C3BFE158-1714-4128-A8FD-801BA3777420}
	EndGlobalSection
EndGlobal
