
Microsoft Visual Studio Solution File, Format Version 12.00
# Visual Studio Version 17
VisualStudioVersion = 17.4.33006.217
MinimumVisualStudioVersion = 10.0.40219.1
Project("{9A19103F-16F7-4668-BE54-9A1E7A4F7556}") = "UnicodeFolder", "UnicodeFolder\UnicodeFolder.csproj", "{EC49617F-2999-42EA-8DB9-D8893935EC2B}"
EndProject
Project("{FAE04EC0-301F-11D3-BF4B-00C04F79EFBC}") = "Normalization", "Normalization\Normalization.csproj", "{C8648580-192F-4532-AD4E-2B3522F520C7}"
EndProject
Global
	GlobalSection(SolutionConfigurationPlatforms) = preSolution
		Debug|Any CPU = Debug|Any CPU
		Release|Any CPU = Release|Any CPU
	EndGlobalSection
	GlobalSection(ProjectConfigurationPlatforms) = postSolution
		{EC49617F-2999-42EA-8DB9-D8893935EC2B}.Debug|Any CPU.ActiveCfg = Debug|Any CPU
		{EC49617F-2999-42EA-8DB9-D8893935EC2B}.Debug|Any CPU.Build.0 = Debug|Any CPU
		{EC49617F-2999-42EA-8DB9-D8893935EC2B}.Release|Any CPU.ActiveCfg = Release|Any CPU
		{EC49617F-2999-42EA-8DB9-D8893935EC2B}.Release|Any CPU.Build.0 = Release|Any CPU
		{C8648580-192F-4532-AD4E-2B3522F520C7}.Debug|Any CPU.ActiveCfg = Debug|Any CPU
		{C8648580-192F-4532-AD4E-2B3522F520C7}.Debug|Any CPU.Build.0 = Debug|Any CPU
		{C8648580-192F-4532-AD4E-2B3522F520C7}.Release|Any CPU.ActiveCfg = Release|Any CPU
		{C8648580-192F-4532-AD4E-2B3522F520C7}.Release|Any CPU.Build.0 = Release|Any CPU
	EndGlobalSection
	GlobalSection(SolutionProperties) = preSolution
		HideSolutionNode = FALSE
	EndGlobalSection
	GlobalSection(ExtensibilityGlobals) = postSolution
		SolutionGuid = {E5738C84-C062-4DF6-BF3E-2607224BEC2B}
	EndGlobalSection
EndGlobal
