
Microsoft Visual Studio Solution File, Format Version 12.00
# Visual Studio Version 16
VisualStudioVersion = 16.0.30907.101
MinimumVisualStudioVersion = 10.0.40219.1
Project("{FAE04EC0-301F-11D3-BF4B-00C04F79EFBC}") = "Sample2", "Sample2.csproj", "{504F49C1-7E08-4A17-80CB-D4E4DC6693CF}"
EndProject
Global
	GlobalSection(SolutionConfigurationPlatforms) = preSolution
		Debug|Any CPU = Debug|Any CPU
		Release|Any CPU = Release|Any CPU
	EndGlobalSection
	GlobalSection(ProjectConfigurationPlatforms) = postSolution
		{504F49C1-7E08-4A17-80CB-D4E4DC6693CF}.Debug|Any CPU.ActiveCfg = Debug|Any CPU
		{504F49C1-7E08-4A17-80CB-D4E4DC6693CF}.Debug|Any CPU.Build.0 = Debug|Any CPU
		{504F49C1-7E08-4A17-80CB-D4E4DC6693CF}.Release|Any CPU.ActiveCfg = Release|Any CPU
		{504F49C1-7E08-4A17-80CB-D4E4DC6693CF}.Release|Any CPU.Build.0 = Release|Any CPU
	EndGlobalSection
	GlobalSection(SolutionProperties) = preSolution
		HideSolutionNode = FALSE
	EndGlobalSection
	GlobalSection(ExtensibilityGlobals) = postSolution
		SolutionGuid = {140CA850-FD21-4600-BB26-D8AB2A9C5DD9}
	EndGlobalSection
EndGlobal
