
Microsoft Visual Studio Solution File, Format Version 12.00
# Visual Studio Version 17
VisualStudioVersion = 17.1.31911.260
MinimumVisualStudioVersion = 10.0.40219.1
Project("{FAE04EC0-301F-11D3-BF4B-00C04F79EFBC}") = "Sample2", "Sample2\Sample2.csproj", "{9187EBA5-69B3-4A93-9C60-0C3231741DB6}"
EndProject
Global
	GlobalSection(SolutionConfigurationPlatforms) = preSolution
		Debug|Any CPU = Debug|Any CPU
		Release|Any CPU = Release|Any CPU
	EndGlobalSection
	GlobalSection(ProjectConfigurationPlatforms) = postSolution
		{9187EBA5-69B3-4A93-9C60-0C3231741DB6}.Debug|Any CPU.ActiveCfg = Debug|Any CPU
		{9187EBA5-69B3-4A93-9C60-0C3231741DB6}.Debug|Any CPU.Build.0 = Debug|Any CPU
		{9187EBA5-69B3-4A93-9C60-0C3231741DB6}.Release|Any CPU.ActiveCfg = Release|Any CPU
		{9187EBA5-69B3-4A93-9C60-0C3231741DB6}.Release|Any CPU.Build.0 = Release|Any CPU
	EndGlobalSection
	GlobalSection(SolutionProperties) = preSolution
		HideSolutionNode = FALSE
	EndGlobalSection
	GlobalSection(ExtensibilityGlobals) = postSolution
		SolutionGuid = {70691ABF-89A4-4729-A0E6-809F3325A85C}
	EndGlobalSection
EndGlobal
