
Microsoft Visual Studio Solution File, Format Version 12.00
# Visual Studio Version 16
VisualStudioVersion = 16.0.31205.134
MinimumVisualStudioVersion = 10.0.40219.1
Project("{FAE04EC0-301F-11D3-BF4B-00C04F79EFBC}") = "Sample3", "Sample3.csproj", "{AEAB31BA-BD84-450A-87CB-D1EAC02C1646}"
EndProject
Global
	GlobalSection(SolutionConfigurationPlatforms) = preSolution
		Debug|Any CPU = Debug|Any CPU
		Release|Any CPU = Release|Any CPU
	EndGlobalSection
	GlobalSection(ProjectConfigurationPlatforms) = postSolution
		{AEAB31BA-BD84-450A-87CB-D1EAC02C1646}.Debug|Any CPU.ActiveCfg = Debug|Any CPU
		{AEAB31BA-BD84-450A-87CB-D1EAC02C1646}.Debug|Any CPU.Build.0 = Debug|Any CPU
		{AEAB31BA-BD84-450A-87CB-D1EAC02C1646}.Release|Any CPU.ActiveCfg = Release|Any CPU
		{AEAB31BA-BD84-450A-87CB-D1EAC02C1646}.Release|Any CPU.Build.0 = Release|Any CPU
	EndGlobalSection
	GlobalSection(SolutionProperties) = preSolution
		HideSolutionNode = FALSE
	EndGlobalSection
	GlobalSection(ExtensibilityGlobals) = postSolution
		SolutionGuid = {A0555695-4E86-4980-BB36-8C0403CF7EAC}
	EndGlobalSection
EndGlobal
