
Microsoft Visual Studio Solution File, Format Version 12.00
# Visual Studio Version 17
VisualStudioVersion = 17.0.31710.8
MinimumVisualStudioVersion = 10.0.40219.1
Project("{FAE04EC0-301F-11D3-BF4B-00C04F79EFBC}") = "PanelSample1", "PanelSample1\PanelSample1.csproj", "{2FBCBBAA-2882-4441-8CB4-7114333C59B8}"
EndProject
Global
	GlobalSection(SolutionConfigurationPlatforms) = preSolution
		Debug|Any CPU = Debug|Any CPU
		Release|Any CPU = Release|Any CPU
	EndGlobalSection
	GlobalSection(ProjectConfigurationPlatforms) = postSolution
		{2FBCBBAA-2882-4441-8CB4-7114333C59B8}.Debug|Any CPU.ActiveCfg = Debug|Any CPU
		{2FBCBBAA-2882-4441-8CB4-7114333C59B8}.Debug|Any CPU.Build.0 = Debug|Any CPU
		{2FBCBBAA-2882-4441-8CB4-7114333C59B8}.Release|Any CPU.ActiveCfg = Release|Any CPU
		{2FBCBBAA-2882-4441-8CB4-7114333C59B8}.Release|Any CPU.Build.0 = Release|Any CPU
	EndGlobalSection
	GlobalSection(SolutionProperties) = preSolution
		HideSolutionNode = FALSE
	EndGlobalSection
	GlobalSection(ExtensibilityGlobals) = postSolution
		SolutionGuid = {D5046647-D014-4E8E-BB2E-68D9530FDAB7}
	EndGlobalSection
EndGlobal
