
Microsoft Visual Studio Solution File, Format Version 12.00
# Visual Studio Version 16
VisualStudioVersion = 16.0.31112.23
MinimumVisualStudioVersion = 10.0.40219.1
Project("{FAE04EC0-301F-11D3-BF4B-00C04F79EFBC}") = "Sample1", "Sample1.csproj", "{1142D2DC-4CBB-4B98-B111-7384DAF01F37}"
EndProject
Global
	GlobalSection(SolutionConfigurationPlatforms) = preSolution
		Debug|Any CPU = Debug|Any CPU
		Release|Any CPU = Release|Any CPU
	EndGlobalSection
	GlobalSection(ProjectConfigurationPlatforms) = postSolution
		{1142D2DC-4CBB-4B98-B111-7384DAF01F37}.Debug|Any CPU.ActiveCfg = Debug|Any CPU
		{1142D2DC-4CBB-4B98-B111-7384DAF01F37}.Debug|Any CPU.Build.0 = Debug|Any CPU
		{1142D2DC-4CBB-4B98-B111-7384DAF01F37}.Release|Any CPU.ActiveCfg = Release|Any CPU
		{1142D2DC-4CBB-4B98-B111-7384DAF01F37}.Release|Any CPU.Build.0 = Release|Any CPU
	EndGlobalSection
	GlobalSection(SolutionProperties) = preSolution
		HideSolutionNode = FALSE
	EndGlobalSection
	GlobalSection(ExtensibilityGlobals) = postSolution
		SolutionGuid = {CD21D6EB-C71A-424D-AB2B-938D1D77364F}
	EndGlobalSection
EndGlobal
