
Microsoft Visual Studio Solution File, Format Version 12.00
# Visual Studio Version 17
VisualStudioVersion = 17.10.34707.107
MinimumVisualStudioVersion = 10.0.40219.1
Project("{FAE04EC0-301F-11D3-BF4B-00C04F79EFBC}") = "LineFonts", "LineFonts10\LineFonts.csproj", "{8E557B93-BAC2-661C-E861-3BC8803A9710}"
EndProject
Global
	GlobalSection(SolutionConfigurationPlatforms) = preSolution
		Debug|Any CPU = Debug|Any CPU
		Release|Any CPU = Release|Any CPU
	EndGlobalSection
	GlobalSection(ProjectConfigurationPlatforms) = postSolution
		{8E557B93-BAC2-661C-E861-3BC8803A9710}.Debug|Any CPU.ActiveCfg = Debug|Any CPU
		{8E557B93-BAC2-661C-E861-3BC8803A9710}.Debug|Any CPU.Build.0 = Debug|Any CPU
		{8E557B93-BAC2-661C-E861-3BC8803A9710}.Release|Any CPU.ActiveCfg = Release|Any CPU
		{8E557B93-BAC2-661C-E861-3BC8803A9710}.Release|Any CPU.Build.0 = Release|Any CPU
	EndGlobalSection
	GlobalSection(SolutionProperties) = preSolution
		HideSolutionNode = FALSE
	EndGlobalSection
	GlobalSection(ExtensibilityGlobals) = postSolution
		SolutionGuid = {3FC1F730-82EC-4FD3-949E-86A35B71D41C}
	EndGlobalSection
EndGlobal
