
Microsoft Visual Studio Solution File, Format Version 12.00
# Visual Studio Version 17
VisualStudioVersion = 17.0.31717.71
MinimumVisualStudioVersion = 10.0.40219.1
Project("{FAE04EC0-301F-11D3-BF4B-00C04F79EFBC}") = "BlazorBmi", "BlazorBmi\BlazorBmi.csproj", "{149DA124-7B87-4ADB-BB43-CF84193C4472}"
EndProject
Global
	GlobalSection(SolutionConfigurationPlatforms) = preSolution
		Debug|Any CPU = Debug|Any CPU
		Release|Any CPU = Release|Any CPU
	EndGlobalSection
	GlobalSection(ProjectConfigurationPlatforms) = postSolution
		{149DA124-7B87-4ADB-BB43-CF84193C4472}.Debug|Any CPU.ActiveCfg = Debug|Any CPU
		{149DA124-7B87-4ADB-BB43-CF84193C4472}.Debug|Any CPU.Build.0 = Debug|Any CPU
		{149DA124-7B87-4ADB-BB43-CF84193C4472}.Release|Any CPU.ActiveCfg = Release|Any CPU
		{149DA124-7B87-4ADB-BB43-CF84193C4472}.Release|Any CPU.Build.0 = Release|Any CPU
	EndGlobalSection
	GlobalSection(SolutionProperties) = preSolution
		HideSolutionNode = FALSE
	EndGlobalSection
	GlobalSection(ExtensibilityGlobals) = postSolution
		SolutionGuid = {E67908F9-6ADC-4FDF-8497-DC40E4F5CF64}
	EndGlobalSection
EndGlobal
