
Microsoft Visual Studio Solution File, Format Version 12.00
# Visual Studio Version 17
VisualStudioVersion = 17.1.31911.260
MinimumVisualStudioVersion = 10.0.40219.1
Project("{FAE04EC0-301F-11D3-BF4B-00C04F79EFBC}") = "sample1", "sample1\sample1.csproj", "{C05AE3F2-DB0C-4CAE-A2EA-A9539272931E}"
EndProject
Global
	GlobalSection(SolutionConfigurationPlatforms) = preSolution
		Debug|Any CPU = Debug|Any CPU
		Release|Any CPU = Release|Any CPU
	EndGlobalSection
	GlobalSection(ProjectConfigurationPlatforms) = postSolution
		{C05AE3F2-DB0C-4CAE-A2EA-A9539272931E}.Debug|Any CPU.ActiveCfg = Debug|Any CPU
		{C05AE3F2-DB0C-4CAE-A2EA-A9539272931E}.Debug|Any CPU.Build.0 = Debug|Any CPU
		{C05AE3F2-DB0C-4CAE-A2EA-A9539272931E}.Release|Any CPU.ActiveCfg = Release|Any CPU
		{C05AE3F2-DB0C-4CAE-A2EA-A9539272931E}.Release|Any CPU.Build.0 = Release|Any CPU
	EndGlobalSection
	GlobalSection(SolutionProperties) = preSolution
		HideSolutionNode = FALSE
	EndGlobalSection
	GlobalSection(ExtensibilityGlobals) = postSolution
		SolutionGuid = {C992293B-DFA8-49C3-8B79-21495A08FEBF}
	EndGlobalSection
EndGlobal
