
Microsoft Visual Studio Solution File, Format Version 12.00
# Visual Studio Version 17
VisualStudioVersion = 17.0.31717.71
MinimumVisualStudioVersion = 10.0.40219.1
Project("{FAE04EC0-301F-11D3-BF4B-00C04F79EFBC}") = "BlazorDataBinding", "BlazorDataBinding\BlazorDataBinding.csproj", "{B2FB8520-EB7F-423F-95F1-91CBED5CFB38}"
EndProject
Global
	GlobalSection(SolutionConfigurationPlatforms) = preSolution
		Debug|Any CPU = Debug|Any CPU
		Release|Any CPU = Release|Any CPU
	EndGlobalSection
	GlobalSection(ProjectConfigurationPlatforms) = postSolution
		{B2FB8520-EB7F-423F-95F1-91CBED5CFB38}.Debug|Any CPU.ActiveCfg = Debug|Any CPU
		{B2FB8520-EB7F-423F-95F1-91CBED5CFB38}.Debug|Any CPU.Build.0 = Debug|Any CPU
		{B2FB8520-EB7F-423F-95F1-91CBED5CFB38}.Release|Any CPU.ActiveCfg = Release|Any CPU
		{B2FB8520-EB7F-423F-95F1-91CBED5CFB38}.Release|Any CPU.Build.0 = Release|Any CPU
	EndGlobalSection
	GlobalSection(SolutionProperties) = preSolution
		HideSolutionNode = FALSE
	EndGlobalSection
	GlobalSection(ExtensibilityGlobals) = postSolution
		SolutionGuid = {6E2AAA39-B518-4FAB-9011-70356EBEE929}
	EndGlobalSection
EndGlobal
