
Microsoft Visual Studio Solution File, Format Version 12.00
# Visual Studio Version 17
VisualStudioVersion = 17.1.31911.260
MinimumVisualStudioVersion = 10.0.40219.1
Project("{FAE04EC0-301F-11D3-BF4B-00C04F79EFBC}") = "Sample2", "Sample2\Sample2.csproj", "{32767D24-3218-478A-9F4F-0E260BA7CEF4}"
EndProject
Global
	GlobalSection(SolutionConfigurationPlatforms) = preSolution
		Debug|Any CPU = Debug|Any CPU
		Release|Any CPU = Release|Any CPU
	EndGlobalSection
	GlobalSection(ProjectConfigurationPlatforms) = postSolution
		{32767D24-3218-478A-9F4F-0E260BA7CEF4}.Debug|Any CPU.ActiveCfg = Debug|Any CPU
		{32767D24-3218-478A-9F4F-0E260BA7CEF4}.Debug|Any CPU.Build.0 = Debug|Any CPU
		{32767D24-3218-478A-9F4F-0E260BA7CEF4}.Release|Any CPU.ActiveCfg = Release|Any CPU
		{32767D24-3218-478A-9F4F-0E260BA7CEF4}.Release|Any CPU.Build.0 = Release|Any CPU
	EndGlobalSection
	GlobalSection(SolutionProperties) = preSolution
		HideSolutionNode = FALSE
	EndGlobalSection
	GlobalSection(ExtensibilityGlobals) = postSolution
		SolutionGuid = {205BECE4-4C44-47AA-8B76-8D3F4D1DE979}
	EndGlobalSection
EndGlobal
