
Microsoft Visual Studio Solution File, Format Version 12.00
# Visual Studio Version 17
VisualStudioVersion = 17.0.31825.309
MinimumVisualStudioVersion = 10.0.40219.1
Project("{FAE04EC0-301F-11D3-BF4B-00C04F79EFBC}") = "Sample1", "Sample1\Sample1.csproj", "{9240754A-7954-4DDF-8D29-092857F4B098}"
EndProject
Global
	GlobalSection(SolutionConfigurationPlatforms) = preSolution
		Debug|Any CPU = Debug|Any CPU
		Release|Any CPU = Release|Any CPU
	EndGlobalSection
	GlobalSection(ProjectConfigurationPlatforms) = postSolution
		{9240754A-7954-4DDF-8D29-092857F4B098}.Debug|Any CPU.ActiveCfg = Debug|Any CPU
		{9240754A-7954-4DDF-8D29-092857F4B098}.Debug|Any CPU.Build.0 = Debug|Any CPU
		{9240754A-7954-4DDF-8D29-092857F4B098}.Release|Any CPU.ActiveCfg = Release|Any CPU
		{9240754A-7954-4DDF-8D29-092857F4B098}.Release|Any CPU.Build.0 = Release|Any CPU
	EndGlobalSection
	GlobalSection(SolutionProperties) = preSolution
		HideSolutionNode = FALSE
	EndGlobalSection
	GlobalSection(ExtensibilityGlobals) = postSolution
		SolutionGuid = {676C2D00-77E1-4F57-81EE-AD0226FB9E59}
	EndGlobalSection
EndGlobal
