
Microsoft Visual Studio Solution File, Format Version 12.00
# Visual Studio Version 17
VisualStudioVersion = 17.0.31903.59
MinimumVisualStudioVersion = 10.0.40219.1
Project("{2150E333-8FDC-42A3-9474-1A3956D46DE8}") = "net", "net", "{4C424FC6-0208-47CB-B182-5425F7EF7CC2}"
EndProject
Project("{2150E333-8FDC-42A3-9474-1A3956D46DE8}") = "MAUI", "MAUI", "{684663F4-DCEC-4B6C-AE5A-38C9CE3CCD5A}"
EndProject
Project("{2150E333-8FDC-42A3-9474-1A3956D46DE8}") = "MauiApp2", "MauiApp2", "{A8BEFC2E-AD9A-4C3F-95C4-66AB62332345}"
EndProject
Project("{FAE04EC0-301F-11D3-BF4B-00C04F79EFBC}") = "MauiApp2", "MauiApp2\MauiApp2.csproj", "{E69F69F1-0DDF-4762-B50D-230CC06E8C09}"
EndProject
Global
	GlobalSection(SolutionConfigurationPlatforms) = preSolution
		Debug|Any CPU = Debug|Any CPU
		Release|Any CPU = Release|Any CPU
	EndGlobalSection
	GlobalSection(SolutionProperties) = preSolution
		HideSolutionNode = FALSE
	EndGlobalSection
	GlobalSection(ProjectConfigurationPlatforms) = postSolution
		{E69F69F1-0DDF-4762-B50D-230CC06E8C09}.Debug|Any CPU.ActiveCfg = Debug|Any CPU
		{E69F69F1-0DDF-4762-B50D-230CC06E8C09}.Debug|Any CPU.Build.0 = Debug|Any CPU
		{E69F69F1-0DDF-4762-B50D-230CC06E8C09}.Release|Any CPU.ActiveCfg = Release|Any CPU
		{E69F69F1-0DDF-4762-B50D-230CC06E8C09}.Release|Any CPU.Build.0 = Release|Any CPU
	EndGlobalSection
	GlobalSection(NestedProjects) = preSolution
		{684663F4-DCEC-4B6C-AE5A-38C9CE3CCD5A} = {4C424FC6-0208-47CB-B182-5425F7EF7CC2}
		{A8BEFC2E-AD9A-4C3F-95C4-66AB62332345} = {684663F4-DCEC-4B6C-AE5A-38C9CE3CCD5A}
		{E69F69F1-0DDF-4762-B50D-230CC06E8C09} = {A8BEFC2E-AD9A-4C3F-95C4-66AB62332345}
	EndGlobalSection
EndGlobal
