
Microsoft Visual Studio Solution File, Format Version 12.00
# Visual Studio Version 17
VisualStudioVersion = 17.2.32422.2
MinimumVisualStudioVersion = 10.0.40219.1
Project("{FAE04EC0-301F-11D3-BF4B-00C04F79EFBC}") = "Sample4C", "Sample4C\Sample4C.csproj", "{A787C3FC-3446-4BE5-A2C0-71F07D49AF07}"
EndProject
Project("{FAE04EC0-301F-11D3-BF4B-00C04F79EFBC}") = "Sample4S", "Sample4S\Sample4S.csproj", "{359F7227-C004-45CA-A4E5-857589AA5ADB}"
EndProject
Global
	GlobalSection(SolutionConfigurationPlatforms) = preSolution
		Debug|Any CPU = Debug|Any CPU
		Release|Any CPU = Release|Any CPU
	EndGlobalSection
	GlobalSection(ProjectConfigurationPlatforms) = postSolution
		{A787C3FC-3446-4BE5-A2C0-71F07D49AF07}.Debug|Any CPU.ActiveCfg = Debug|Any CPU
		{A787C3FC-3446-4BE5-A2C0-71F07D49AF07}.Debug|Any CPU.Build.0 = Debug|Any CPU
		{A787C3FC-3446-4BE5-A2C0-71F07D49AF07}.Release|Any CPU.ActiveCfg = Release|Any CPU
		{A787C3FC-3446-4BE5-A2C0-71F07D49AF07}.Release|Any CPU.Build.0 = Release|Any CPU
		{359F7227-C004-45CA-A4E5-857589AA5ADB}.Debug|Any CPU.ActiveCfg = Debug|Any CPU
		{359F7227-C004-45CA-A4E5-857589AA5ADB}.Debug|Any CPU.Build.0 = Debug|Any CPU
		{359F7227-C004-45CA-A4E5-857589AA5ADB}.Release|Any CPU.ActiveCfg = Release|Any CPU
		{359F7227-C004-45CA-A4E5-857589AA5ADB}.Release|Any CPU.Build.0 = Release|Any CPU
	EndGlobalSection
	GlobalSection(SolutionProperties) = preSolution
		HideSolutionNode = FALSE
	EndGlobalSection
	GlobalSection(ExtensibilityGlobals) = postSolution
		SolutionGuid = {A5C3A9C4-40F2-4ED6-8D9F-378B3AD9187F}
	EndGlobalSection
EndGlobal
