
Microsoft Visual Studio Solution File, Format Version 12.00
# Visual Studio Version 17
VisualStudioVersion = 17.6.33513.286
MinimumVisualStudioVersion = 10.0.40219.1
Project("{FAE04EC0-301F-11D3-BF4B-00C04F79EFBC}") = "ResourceAnalyze", "ResourceAnalyze\ResourceAnalyze.csproj", "{115AA70A-F69E-437B-A4F7-B6E4C4CE257B}"
EndProject
Global
	GlobalSection(SolutionConfigurationPlatforms) = preSolution
		Debug|Any CPU = Debug|Any CPU
		Release|Any CPU = Release|Any CPU
	EndGlobalSection
	GlobalSection(ProjectConfigurationPlatforms) = postSolution
		{115AA70A-F69E-437B-A4F7-B6E4C4CE257B}.Debug|Any CPU.ActiveCfg = Debug|Any CPU
		{115AA70A-F69E-437B-A4F7-B6E4C4CE257B}.Debug|Any CPU.Build.0 = Debug|Any CPU
		{115AA70A-F69E-437B-A4F7-B6E4C4CE257B}.Release|Any CPU.ActiveCfg = Release|Any CPU
		{115AA70A-F69E-437B-A4F7-B6E4C4CE257B}.Release|Any CPU.Build.0 = Release|Any CPU
	EndGlobalSection
	GlobalSection(SolutionProperties) = preSolution
		HideSolutionNode = FALSE
	EndGlobalSection
	GlobalSection(ExtensibilityGlobals) = postSolution
		SolutionGuid = {5326339D-29D3-4746-9559-9B797D9BDBDD}
	EndGlobalSection
EndGlobal
