
Microsoft Visual Studio Solution File, Format Version 12.00
# Visual Studio Version 17
VisualStudioVersion = 17.1.32104.313
MinimumVisualStudioVersion = 10.0.40219.1
Project("{FAE04EC0-301F-11D3-BF4B-00C04F79EFBC}") = "Sample3", "Sample3\Sample3.csproj", "{AD6F3BBC-593D-4CC0-94E8-7A33557F477F}"
EndProject
Global
	GlobalSection(SolutionConfigurationPlatforms) = preSolution
		Debug|Any CPU = Debug|Any CPU
		Release|Any CPU = Release|Any CPU
	EndGlobalSection
	GlobalSection(ProjectConfigurationPlatforms) = postSolution
		{AD6F3BBC-593D-4CC0-94E8-7A33557F477F}.Debug|Any CPU.ActiveCfg = Debug|Any CPU
		{AD6F3BBC-593D-4CC0-94E8-7A33557F477F}.Debug|Any CPU.Build.0 = Debug|Any CPU
		{AD6F3BBC-593D-4CC0-94E8-7A33557F477F}.Release|Any CPU.ActiveCfg = Release|Any CPU
		{AD6F3BBC-593D-4CC0-94E8-7A33557F477F}.Release|Any CPU.Build.0 = Release|Any CPU
	EndGlobalSection
	GlobalSection(SolutionProperties) = preSolution
		HideSolutionNode = FALSE
	EndGlobalSection
	GlobalSection(ExtensibilityGlobals) = postSolution
		SolutionGuid = {4530DF76-3011-4029-9EDD-93DC37EAA3EE}
	EndGlobalSection
EndGlobal
