
Microsoft Visual Studio Solution File, Format Version 12.00
# Visual Studio Version 17
VisualStudioVersion = 17.0.31710.8
MinimumVisualStudioVersion = 10.0.40219.1
Project("{FAE04EC0-301F-11D3-BF4B-00C04F79EFBC}") = "RadioButtonSample7", "RadioButtonSample7\RadioButtonSample7.csproj", "{02480EA2-6D13-495C-8527-0988BC5E8F24}"
EndProject
Global
	GlobalSection(SolutionConfigurationPlatforms) = preSolution
		Debug|Any CPU = Debug|Any CPU
		Release|Any CPU = Release|Any CPU
	EndGlobalSection
	GlobalSection(ProjectConfigurationPlatforms) = postSolution
		{02480EA2-6D13-495C-8527-0988BC5E8F24}.Debug|Any CPU.ActiveCfg = Debug|Any CPU
		{02480EA2-6D13-495C-8527-0988BC5E8F24}.Debug|Any CPU.Build.0 = Debug|Any CPU
		{02480EA2-6D13-495C-8527-0988BC5E8F24}.Release|Any CPU.ActiveCfg = Release|Any CPU
		{02480EA2-6D13-495C-8527-0988BC5E8F24}.Release|Any CPU.Build.0 = Release|Any CPU
	EndGlobalSection
	GlobalSection(SolutionProperties) = preSolution
		HideSolutionNode = FALSE
	EndGlobalSection
	GlobalSection(ExtensibilityGlobals) = postSolution
		SolutionGuid = {68E1F470-8DEF-48C2-BADC-2E2175CACC00}
	EndGlobalSection
EndGlobal
